
Microsoft Visual Studio Solution File, Format Version 12.00
# Visual Studio Version 17
VisualStudioVersion = 17.10.34916.146
MinimumVisualStudioVersion = 10.0.40219.1
Project("{9A19103F-16F7-4668-BE54-9A1E7A4F7556}") = "DataAcessStudy", "DataAcessStudy.csproj", "{9B6CAE46-1318-4FFE-B6E9-83B6AD5A1FEF}"
EndProject
Global
	GlobalSection(SolutionConfigurationPlatforms) = preSolution
		Debug|Any CPU = Debug|Any CPU
		Release|Any CPU = Release|Any CPU
	EndGlobalSection
	GlobalSection(ProjectConfigurationPlatforms) = postSolution
		{9B6CAE46-1318-4FFE-B6E9-83B6AD5A1FEF}.Debug|Any CPU.ActiveCfg = Debug|Any CPU
		{9B6CAE46-1318-4FFE-B6E9-83B6AD5A1FEF}.Debug|Any CPU.Build.0 = Debug|Any CPU
		{9B6CAE46-1318-4FFE-B6E9-83B6AD5A1FEF}.Release|Any CPU.ActiveCfg = Release|Any CPU
		{9B6CAE46-1318-4FFE-B6E9-83B6AD5A1FEF}.Release|Any CPU.Build.0 = Release|Any CPU
	EndGlobalSection
	GlobalSection(SolutionProperties) = preSolution
		HideSolutionNode = FALSE
	EndGlobalSection
	GlobalSection(ExtensibilityGlobals) = postSolution
		SolutionGuid = {60491D78-8C0A-4808-8F2F-70C9A3BB730F}
	EndGlobalSection
EndGlobal
